
Microsoft Visual Studio Solution File, Format Version 12.00
# Visual Studio Version 17
VisualStudioVersion = 17.3.32901.215
MinimumVisualStudioVersion = 10.0.40219.1
Project("{FAE04EC0-301F-11D3-BF4B-00C04F79EFBC}") = "AsyncVoid", "AsyncVoid\AsyncVoid.csproj", "{F038C80D-2F6B-4726-8A3C-66D3EC21E3A0}"
EndProject
Project("{FAE04EC0-301F-11D3-BF4B-00C04F79EFBC}") = "AsyncVoid.GUI", "AsyncVoid.GUI\AsyncVoid.GUI.csproj", "{CF01A1C8-08A8-4312-9C64-3500A3CAB722}"
EndProject
Global
	GlobalSection(SolutionConfigurationPlatforms) = preSolution
		Debug|Any CPU = Debug|Any CPU
		Release|Any CPU = Release|Any CPU
	EndGlobalSection
	GlobalSection(ProjectConfigurationPlatforms) = postSolution
		{F038C80D-2F6B-4726-8A3C-66D3EC21E3A0}.Debug|Any CPU.ActiveCfg = Debug|Any CPU
		{F038C80D-2F6B-4726-8A3C-66D3EC21E3A0}.Debug|Any CPU.Build.0 = Debug|Any CPU
		{F038C80D-2F6B-4726-8A3C-66D3EC21E3A0}.Release|Any CPU.ActiveCfg = Release|Any CPU
		{F038C80D-2F6B-4726-8A3C-66D3EC21E3A0}.Release|Any CPU.Build.0 = Release|Any CPU
		{CF01A1C8-08A8-4312-9C64-3500A3CAB722}.Debug|Any CPU.ActiveCfg = Debug|Any CPU
		{CF01A1C8-08A8-4312-9C64-3500A3CAB722}.Debug|Any CPU.Build.0 = Debug|Any CPU
		{CF01A1C8-08A8-4312-9C64-3500A3CAB722}.Release|Any CPU.ActiveCfg = Release|Any CPU
		{CF01A1C8-08A8-4312-9C64-3500A3CAB722}.Release|Any CPU.Build.0 = Release|Any CPU
	EndGlobalSection
	GlobalSection(SolutionProperties) = preSolution
		HideSolutionNode = FALSE
	EndGlobalSection
	GlobalSection(ExtensibilityGlobals) = postSolution
		SolutionGuid = {CC91F475-8721-4618-8BBE-EB33AA33DE88}
	EndGlobalSection
EndGlobal
